# THIS IS AN AUTOGENERATED FILE. DO NOT EDIT THIS FILE DIRECTLY.
# yarn lockfile v1


"@chevrotain/cst-dts-gen@10.4.0":
  version "10.4.0"
  resolved "https://registry.yarnpkg.com/@chevrotain/cst-dts-gen/-/cst-dts-gen-10.4.0.tgz#4e7f57e697b3a4204508ddff05367befae874b95"
  integrity sha512-8c+1t+lCWT1HSqIa5nbRwhqeTC4IEgBE6+UQJt1DIM8VdxiRlbEM57TxMq5VoF5PJWXsLSCUR0YCUFc/Rxy8kQ==
  dependencies:
    "@chevrotain/gast" "10.4.0"
    "@chevrotain/types" "10.4.0"
    lodash "4.17.21"

"@chevrotain/gast@10.4.0":
  version "10.4.0"
  resolved "https://registry.yarnpkg.com/@chevrotain/gast/-/gast-10.4.0.tgz#e963f894b16281300c8d61603f5de5f2511ee8f0"
  integrity sha512-B7rqMo5w/gVhOXSWhb9DC/c/ISjJpjZ6l6V7iwT+Qx0C1nAIDb4eqxtl0vnJBQ8i8epwfFxZmyRs7uViW3VlHg==
  dependencies:
    "@chevrotain/types" "10.4.0"
    lodash "4.17.21"

"@chevrotain/types@10.4.0":
  version "10.4.0"
  resolved "https://registry.yarnpkg.com/@chevrotain/types/-/types-10.4.0.tgz#cb486482b9d6e494a9371e3144fc127a96e3745f"
  integrity sha512-sGN/VC1zChYkP7aALPbMU3snjP19psY7wqpBstN5by1pFPi49gYUzHFqBFwPE6MJ35SNZRCVSGgMfPCjhAIuxg==

"@chevrotain/utils@10.4.0":
  version "10.4.0"
  resolved "https://registry.yarnpkg.com/@chevrotain/utils/-/utils-10.4.0.tgz#9c511dac4445cd0e246d577ce2e329579a897657"
  integrity sha512-WdE+5vP7xbGdpk4VEXlLaGE/swO/BoXTToAQVvjNRYRbvDcJnBRidN/au2ibWMFvxzgXC8kFi8UEINwwTpGA1A==

"@cspotcode/source-map-support@^0.8.0":
  version "0.8.1"
  resolved "https://registry.yarnpkg.com/@cspotcode/source-map-support/-/source-map-support-0.8.1.tgz#00629c35a688e05a88b1cda684fb9d5e73f000a1"
  integrity sha512-IchNf6dN4tHoMFIn/7OE8LWZ19Y6q/67Bmf6vnGREv8RSbBVb9LPJxEcnwrcwX6ixSvaiGoomAUvu4YSxXrVgw==
  dependencies:
    "@jridgewell/trace-mapping" "0.3.9"

"@jridgewell/resolve-uri@^3.0.3":
  version "3.1.0"
  resolved "https://registry.yarnpkg.com/@jridgewell/resolve-uri/-/resolve-uri-3.1.0.tgz#2203b118c157721addfe69d47b70465463066d78"
  integrity sha512-F2msla3tad+Mfht5cJq7LSXcdudKTWCVYUgw6pLFOOHSTtZlj6SWNYAp+AhuqLmWdBO2X5hPrLcu8cVP8fy28w==

"@jridgewell/sourcemap-codec@^1.4.10":
  version "1.4.14"
  resolved "https://registry.yarnpkg.com/@jridgewell/sourcemap-codec/-/sourcemap-codec-1.4.14.tgz#add4c98d341472a289190b424efbdb096991bb24"
  integrity sha512-XPSJHWmi394fuUuzDnGz1wiKqWfo1yXecHQMRf2l6hztTO+nPru658AyDngaBe7isIxEkRsPR3FZh+s7iVa4Uw==

"@jridgewell/trace-mapping@0.3.9":
  version "0.3.9"
  resolved "https://registry.yarnpkg.com/@jridgewell/trace-mapping/-/trace-mapping-0.3.9.tgz#6534fd5933a53ba7cbf3a17615e273a0d1273ff9"
  integrity sha512-3Belt6tdc8bPgAtbcmdtNJlirVoTmEb5e2gC94PnkwEW9jI6CAHUeoG85tjWP5WquqfavoMtMwiG4P926ZKKuQ==
  dependencies:
    "@jridgewell/resolve-uri" "^3.0.3"
    "@jridgewell/sourcemap-codec" "^1.4.10"

"@netflix/nerror@^1.1.3":
  version "1.1.3"
  resolved "https://registry.yarnpkg.com/@netflix/nerror/-/nerror-1.1.3.tgz#9d88eccca442f1d544f2761d15ea557dc0a44ed2"
  integrity sha512-b+MGNyP9/LXkapreJzNUzcvuzZslj/RGgdVVJ16P2wSlYatfLycPObImqVJSmNAdyeShvNeM/pl3sVZsObFueg==
  dependencies:
    assert-plus "^1.0.0"
    extsprintf "^1.4.0"
    lodash "^4.17.15"

"@solidity-parser/parser@^0.14.5":
  version "0.14.5"
  resolved "https://registry.yarnpkg.com/@solidity-parser/parser/-/parser-0.14.5.tgz#87bc3cc7b068e08195c219c91cd8ddff5ef1a804"
  integrity sha512-6dKnHZn7fg/iQATVEzqyUOyEidbn05q7YA2mQ9hC0MMXhhV3/JrsxmFSYZAcr7j1yUP700LLhTruvJ3MiQmjJg==
  dependencies:
    antlr4ts "^0.5.0-alpha.4"

"@toml-tools/lexer@^0.3.1":
  version "0.3.1"
  resolved "https://registry.yarnpkg.com/@toml-tools/lexer/-/lexer-0.3.1.tgz#f5a4b04ee075b2862f08825972d24e73c6bea367"
  integrity sha512-CCKHQb5OWpgFu47MQ2rcql4AnE9GaehNk/c1oJOyOBovED6XmdzQPXsvPSu+NJ9lToqJNoX+nLXQsB8WyQGdzQ==
  dependencies:
    chevrotain "4.1.1"

"@toml-tools/parser@^0.3.1":
  version "0.3.1"
  resolved "https://registry.yarnpkg.com/@toml-tools/parser/-/parser-0.3.1.tgz#85484372c50d8caad10e01b24a59193c63f5dcff"
  integrity sha512-vadwVx5TkgByt19dbp/rfIUKPkDdn5werANYvziiGK9wHlqPA0BWnvOloQw/dPDxF31+Ag0+zarXJpPDdRsPPg==
  dependencies:
    "@toml-tools/lexer" "^0.3.1"
    chevrotain "4.1.1"

"@tsconfig/node10@^1.0.7":
  version "1.0.9"
  resolved "https://registry.yarnpkg.com/@tsconfig/node10/-/node10-1.0.9.tgz#df4907fc07a886922637b15e02d4cebc4c0021b2"
  integrity sha512-jNsYVVxU8v5g43Erja32laIDHXeoNvFEpX33OK4d6hljo3jDhCBDhx5dhCCTMWUojscpAagGiRkBKxpdl9fxqA==

"@tsconfig/node12@^1.0.7":
  version "1.0.11"
  resolved "https://registry.yarnpkg.com/@tsconfig/node12/-/node12-1.0.11.tgz#ee3def1f27d9ed66dac6e46a295cffb0152e058d"
  integrity sha512-cqefuRsh12pWyGsIoBKJA9luFu3mRxCA+ORZvA4ktLSzIuCUtWVxGIuXigEwO5/ywWFMZ2QEGKWvkZG1zDMTag==

"@tsconfig/node14@^1.0.0":
  version "1.0.3"
  resolved "https://registry.yarnpkg.com/@tsconfig/node14/-/node14-1.0.3.tgz#e4386316284f00b98435bf40f72f75a09dabf6c1"
  integrity sha512-ysT8mhdixWK6Hw3i1V2AeRqZ5WfXg1G43mqoYlM2nc6388Fq5jcXyr5mRsqViLx/GJYdoL0bfXD8nmF+Zn/Iow==

"@tsconfig/node16@^1.0.2":
  version "1.0.3"
  resolved "https://registry.yarnpkg.com/@tsconfig/node16/-/node16-1.0.3.tgz#472eaab5f15c1ffdd7f8628bd4c4f753995ec79e"
  integrity sha512-yOlFc+7UtL/89t2ZhjPvvB/DeAr3r+Dq58IgzsFkOAvVC6NMJXmCGjbptdXdR9qsX7pKcTL+s87FtYREi2dEEQ==

acorn-walk@^8.1.1:
  version "8.2.0"
  resolved "https://registry.yarnpkg.com/acorn-walk/-/acorn-walk-8.2.0.tgz#741210f2e2426454508853a2f44d0ab83b7f69c1"
  integrity sha512-k+iyHEuPgSw6SbuDpGQM+06HQUa04DZ3o+F6CSzXMvvI5KMvnaEqXe+YVe555R9nn6GPt404fos4wcgpw12SDA==

acorn@^8.4.1:
  version "8.8.1"
  resolved "https://registry.yarnpkg.com/acorn/-/acorn-8.8.1.tgz#0a3f9cbecc4ec3bea6f0a80b66ae8dd2da250b73"
  integrity sha512-7zFpHzhnqYKrkYdUjF1HI1bzd0VygEGX8lFk4k5zVMqHEoES+P+7TKI+EvLO9WVMJ8eekdO0aDEK044xTXwPPA==

ansi-regex@^5.0.1:
  version "5.0.1"
  resolved "https://registry.yarnpkg.com/ansi-regex/-/ansi-regex-5.0.1.tgz#082cb2c89c9fe8659a311a53bd6a4dc5301db304"
  integrity sha512-quJQXlTSUGL2LH9SUXo8VwsY4soanhgo6LNSm84E1LBcE8s3O0wpdiRzyR9z/ZZJMlMWv37qOOb9pdJlMUEKFQ==

antlr4ts@^0.5.0-alpha.4:
  version "0.5.0-alpha.4"
  resolved "https://registry.yarnpkg.com/antlr4ts/-/antlr4ts-0.5.0-alpha.4.tgz#71702865a87478ed0b40c0709f422cf14d51652a"
  integrity sha512-WPQDt1B74OfPv/IMS2ekXAKkTZIHl88uMetg6q3OTqgFxZ/dxDXI0EWLyZid/1Pe6hTftyg5N7gel5wNAGxXyQ==

arg@^4.1.0:
  version "4.1.3"
  resolved "https://registry.yarnpkg.com/arg/-/arg-4.1.3.tgz#269fc7ad5b8e42cb63c896d5666017261c144089"
  integrity sha512-58S9QDqG0Xx27YwPSt9fJxivjYl432YCwfDMfZ+71RAqUrZef7LrKQZ3LHLOwCS4FLNBplP533Zx895SeOCHvA==

assert-plus@^1.0.0:
  version "1.0.0"
  resolved "https://registry.yarnpkg.com/assert-plus/-/assert-plus-1.0.0.tgz#f12e0f3c5d77b0b1cdd9146942e4e96c1e4dd525"
  integrity sha512-NfJ4UzBCcQGLDlQq7nHxH+tv3kyZ0hHQqF5BO6J7tNJeP5do1llPr8dZ8zHonfhAu0PHAdMkSo+8o0wxg9lZWw==

chevrotain@4.1.1:
  version "4.1.1"
  resolved "https://registry.yarnpkg.com/chevrotain/-/chevrotain-4.1.1.tgz#e1e601bf099e96e6a3377671b7d5a40c631cf8ce"
  integrity sha512-NQky1HQyiAzxsxpq4Ppt47SYO2U3JLtmfs85QPf3kYSzGBjjp5AA8kqjH8hCjGFRpaQ781QOk1ragQIOkBgUTA==
  dependencies:
    regexp-to-ast "0.3.5"

chevrotain@^10.1.2:
  version "10.4.0"
  resolved "https://registry.yarnpkg.com/chevrotain/-/chevrotain-10.4.0.tgz#9626ae47c8bde16f6c93577e81df7d63f1fcc3f4"
  integrity sha512-sQ+lPBEEwL9b0ytcB4jgzKHnejedIoyknDuEIPdZN7aATvNMjYALvui3l84IQ7EyKd5s+Kyz3oVhvPzM7/609g==
  dependencies:
    "@chevrotain/cst-dts-gen" "10.4.0"
    "@chevrotain/gast" "10.4.0"
    "@chevrotain/types" "10.4.0"
    "@chevrotain/utils" "10.4.0"
    lodash "4.17.21"
    regexp-to-ast "0.5.0"

colors@^1.4.0:
  version "1.4.0"
  resolved "https://registry.yarnpkg.com/colors/-/colors-1.4.0.tgz#c50491479d4c1bdaed2c9ced32cf7c7dc2360f78"
  integrity sha512-a+UqTh4kgZg/SlGvfbzDHpgRu7AAQOmmqRHJnxhRZICKFUT91brVhNNt58CMWU9PsBbv3PDCZUHbVxuDiH2mtA==

create-require@^1.1.0:
  version "1.1.1"
  resolved "https://registry.yarnpkg.com/create-require/-/create-require-1.1.1.tgz#c1d7e8f1e5f6cfc9ff65f9cd352d37348756c333"
  integrity sha512-dcKFX3jn0MpIaXjisoRvexIJVEKzaq7z2rZKxf+MSr9TkdmHmsU4m2lcLojrj/FHl8mk5VxMmYA+ftRkP/3oKQ==

diff@^4.0.1:
  version "4.0.2"
  resolved "https://registry.yarnpkg.com/diff/-/diff-4.0.2.tgz#60f3aecb89d5fae520c11aa19efc2bb982aade7d"
  integrity sha512-58lmxKSA4BNyLz+HHMUzlOEpg09FV+ev6ZMe3vJihgdxzgcwZ8VoEEPmALCZG9LmqfVoNMMKpttIYTVG6uDY7A==

emoji-regex@^10.1.0:
  version "10.2.1"
  resolved "https://registry.yarnpkg.com/emoji-regex/-/emoji-regex-10.2.1.tgz#a41c330d957191efd3d9dfe6e1e8e1e9ab048b3f"
  integrity sha512-97g6QgOk8zlDRdgq1WxwgTMgEWGVAQvB5Fdpgc1MkNy56la5SKP9GsMXKDOdqwn90/41a8yPwIGk1Y6WVbeMQA==

emoji-regex@^8.0.0:
  version "8.0.0"
  resolved "https://registry.yarnpkg.com/emoji-regex/-/emoji-regex-8.0.0.tgz#e818fd69ce5ccfcb404594f842963bf53164cc37"
  integrity sha512-MSjYzcWNOA0ewAHpz0MxpYFvwg6yjy1NG3xteoqz644VCo/RPgnr1/GGt+ic3iJTzQ8Eu3TdM14SawnVUmGE6A==

escape-string-regexp@^4.0.0:
  version "4.0.0"
  resolved "https://registry.yarnpkg.com/escape-string-regexp/-/escape-string-regexp-4.0.0.tgz#14ba83a5d373e3d311e5afca29cf5bfad965bf34"
  integrity sha512-TtpcNJ3XAzx3Gq8sWRzJaVajRs0uVxA2YAkdb1jm2YkPz4G6egUFAyA3n5vtEIZefPk5Wa4UXbKuS5fKkJWdgA==

extsprintf@^1.4.0:
  version "1.4.1"
  resolved "https://registry.yarnpkg.com/extsprintf/-/extsprintf-1.4.1.tgz#8d172c064867f235c0c84a596806d279bf4bcc07"
  integrity sha512-Wrk35e8ydCKDj/ArClo1VrPVmN8zph5V4AtHwIuHhvMXsKf73UT3BOD+azBIW+3wOJ4FhEH7zyaJCFvChjYvMA==

is-fullwidth-code-point@^3.0.0:
  version "3.0.0"
  resolved "https://registry.yarnpkg.com/is-fullwidth-code-point/-/is-fullwidth-code-point-3.0.0.tgz#f116f8064fe90b3f7844a38997c0b75051269f1d"
  integrity sha512-zymm5+u+sCsSWyD9qNaejV3DFvhCKclKdizYaJUuHA83RLjb7nSuGnddCHGv0hk+KY7BMAlsWeK4Ueg6EV6XQg==

jinx-rust@0.1.6:
  version "0.1.6"
  resolved "https://registry.yarnpkg.com/jinx-rust/-/jinx-rust-0.1.6.tgz#c7bce55d97bfbad76a9b930c01fe6a8629a170d7"
  integrity sha512-qP+wtQL1PrDDFwtPKhNGtjWOmijCrKdfUHWTV2G/ikxfjrh+cjdvkQTmny9RAsVF0jiui9m+F0INWu4cuRcZeQ==

lodash@4.17.21, lodash@^4.17.15, lodash@^4.17.21:
  version "4.17.21"
  resolved "https://registry.yarnpkg.com/lodash/-/lodash-4.17.21.tgz#679591c564c3bffaae8454cf0b3df370c3d6911c"
  integrity sha512-v2kDEe57lecTulaDIuNTPy3Ry4gLGJ6Z1O3vE1krgXZNrsQ+LFTGHVxVjcXPs17LhbZVGedAJv8XZ1tvj5FvSg==

lru-cache@^6.0.0:
  version "6.0.0"
  resolved "https://registry.yarnpkg.com/lru-cache/-/lru-cache-6.0.0.tgz#6d6fe6570ebd96aaf90fcad1dafa3b2566db3a94"
  integrity sha512-Jo6dJ04CmSjuznwJSS3pUeWmd/H0ffTlkXXgwZi+eq1UCmqQwCh+eLsYOYCwY991i2Fah4h1BEMCx4qThGbsiA==
  dependencies:
    yallist "^4.0.0"

make-error@^1.1.1:
  version "1.3.6"
  resolved "https://registry.yarnpkg.com/make-error/-/make-error-1.3.6.tgz#2eb2e37ea9b67c4891f684a1394799af484cf7a2"
  integrity sha512-s8UhlNe7vPKomQhC1qFelMokr/Sc3AgNbso3n74mVPA5LTZwkB9NlXf4XPamLxJE8h0gh73rM94xvwRT2CVInw==

prettier-plugin-glsl@^0.0.6:
  version "0.0.6"
  resolved "https://registry.yarnpkg.com/prettier-plugin-glsl/-/prettier-plugin-glsl-0.0.6.tgz#f2575fb1614b65f083b656ecc2b57cd0bc0239c5"
  integrity sha512-L+AcxfZ5LogqY6clcgTzeAaTNrT6DKsQwjuG/gCd1bitUWD4yuAZrLRutXkdvHGZF1i1I8HC1uUYhoDhA3186w==
  dependencies:
    "@netflix/nerror" "^1.1.3"
    chevrotain "^10.1.2"
    colors "^1.4.0"
    lodash "^4.17.21"

prettier-plugin-organize-imports@^3.1.1:
  version "3.1.1"
  resolved "https://registry.yarnpkg.com/prettier-plugin-organize-imports/-/prettier-plugin-organize-imports-3.1.1.tgz#e581cb6fa528cf72f7d95b807ce38c3e51c3c27c"
  integrity sha512-6bHIQzybqA644h0WGUW3gpWEVbMBvzui5wCMRBi7qA++d5ov2xjjfDk8pxJJ/ardfZrGAwizKMq/fQMFdJ+0Zw==

prettier-plugin-rust@^0.1.8:
  version "0.1.8"
  resolved "https://registry.yarnpkg.com/prettier-plugin-rust/-/prettier-plugin-rust-0.1.8.tgz#e90573b48bc7f6a4b7d30390e632fd70e0bf4a2a"
  integrity sha512-ID5PXx6CQ1FUPBzowfpvTvilZtFdCEs5+VoOQezVBSVNq+LkpIl9yVQGVALDwWLkQ6P0HR36boIm8PPKFq47TQ==
  dependencies:
    jinx-rust "0.1.6"
    prettier "^2.7.1"

prettier-plugin-solidity@^1.0.0-beta.24:
  version "1.0.0-rc.1"
  resolved "https://registry.yarnpkg.com/prettier-plugin-solidity/-/prettier-plugin-solidity-1.0.0-rc.1.tgz#97b6129430b262cb0b25cc4c865f9515be9c6ede"
  integrity sha512-horUGyCBbfNHWvJ44UVEcsfVySEoG2gxGs7TcBfTZWNvD4VU6rjzwAkrUtKV6VvRZWn9dh01XZ2UhhB3eVnMXQ==
  dependencies:
    "@solidity-parser/parser" "^0.14.5"
    emoji-regex "^10.1.0"
    escape-string-regexp "^4.0.0"
    semver "^7.3.7"
    solidity-comments-extractor "^0.0.7"
    string-width "^4.2.3"

prettier-plugin-toml@^0.3.1:
  version "0.3.1"
  resolved "https://registry.yarnpkg.com/prettier-plugin-toml/-/prettier-plugin-toml-0.3.1.tgz#71b5291ef9c2a20865d2dfe1dbc24435bcb596b5"
  integrity sha512-j47DEO/dN/acU1nSL/B7q4A4Z2SYJhpWPCLPkcmfAXIQC6A5GD6Ao/bi9HRHZ8ueIDOauqjuAQbnvRxLXMjazA==
  dependencies:
    "@toml-tools/parser" "^0.3.1"
    prettier "^1.16.0"

prettier@^1.16.0:
  version "1.19.1"
  resolved "https://registry.yarnpkg.com/prettier/-/prettier-1.19.1.tgz#f7d7f5ff8a9cd872a7be4ca142095956a60797cb"
  integrity sha512-s7PoyDv/II1ObgQunCbB9PdLmUcBZcnWOcxDh7O0N/UwDEsHyqkW+Qh28jW+mVuCdx7gLB0BotYI1Y6uI9iyew==

prettier@^2.7.1:
  version "2.7.1"
  resolved "https://registry.yarnpkg.com/prettier/-/prettier-2.7.1.tgz#e235806850d057f97bb08368a4f7d899f7760c64"
  integrity sha512-ujppO+MkdPqoVINuDFDRLClm7D78qbDt0/NR+wp5FqEZOoTNAjPHWj17QRhu7geIHJfcNhRk1XVQmF8Bp3ye+g==

regexp-to-ast@0.3.5:
  version "0.3.5"
  resolved "https://registry.yarnpkg.com/regexp-to-ast/-/regexp-to-ast-0.3.5.tgz#dedadd11bbb5f849df76b4e84b0b5335831c0473"
  integrity sha512-1CJygtdvsfNFwiyjaMLBWtg2tfEqx/jSZ8S6TV+GlNL8kiH8rb4cm5Pb7A/C2BpyM/fA8ZJEudlCwi/jvAY+Ow==

regexp-to-ast@0.5.0:
  version "0.5.0"
  resolved "https://registry.yarnpkg.com/regexp-to-ast/-/regexp-to-ast-0.5.0.tgz#56c73856bee5e1fef7f73a00f1473452ab712a24"
  integrity sha512-tlbJqcMHnPKI9zSrystikWKwHkBqu2a/Sgw01h3zFjvYrMxEDYHzzoMZnUrbIfpTFEsoRnnviOXNCzFiSc54Qw==

semver@^7.3.7:
  version "7.3.8"
  resolved "https://registry.yarnpkg.com/semver/-/semver-7.3.8.tgz#07a78feafb3f7b32347d725e33de7e2a2df67798"
  integrity sha512-NB1ctGL5rlHrPJtFDVIVzTyQylMLu9N9VICA6HSFJo8MCGVTMW6gfpicwKmmK/dAjTOrqu5l63JJOpDSrAis3A==
  dependencies:
    lru-cache "^6.0.0"

solidity-comments-extractor@^0.0.7:
  version "0.0.7"
  resolved "https://registry.yarnpkg.com/solidity-comments-extractor/-/solidity-comments-extractor-0.0.7.tgz#99d8f1361438f84019795d928b931f4e5c39ca19"
  integrity sha512-wciNMLg/Irp8OKGrh3S2tfvZiZ0NEyILfcRCXCD4mp7SgK/i9gzLfhY2hY7VMCQJ3kH9UB9BzNdibIVMchzyYw==

string-width@^4.2.3:
  version "4.2.3"
  resolved "https://registry.yarnpkg.com/string-width/-/string-width-4.2.3.tgz#269c7117d27b05ad2e536830a8ec895ef9c6d010"
  integrity sha512-wKyQRQpjJ0sIp62ErSZdGsjMJWsap5oRNihHhu6G7JVO/9jIB6UyevL+tXuOqrng8j/cxKTWyWUwvSTriiZz/g==
  dependencies:
    emoji-regex "^8.0.0"
    is-fullwidth-code-point "^3.0.0"
    strip-ansi "^6.0.1"

strip-ansi@^6.0.1:
  version "6.0.1"
  resolved "https://registry.yarnpkg.com/strip-ansi/-/strip-ansi-6.0.1.tgz#9e26c63d30f53443e9489495b2105d37b67a85d9"
  integrity sha512-Y38VPSHcqkFrCpFnQ9vuSXmquuv5oXOKpGeT6aGrr3o3Gc9AlVa6JBfUSOCnbxGGZF+/0ooI7KrPuUSztUdU5A==
  dependencies:
    ansi-regex "^5.0.1"

ts-node@^10.9.1:
  version "10.9.1"
  resolved "https://registry.yarnpkg.com/ts-node/-/ts-node-10.9.1.tgz#e73de9102958af9e1f0b168a6ff320e25adcff4b"
  integrity sha512-NtVysVPkxxrwFGUUxGYhfux8k78pQB3JqYBXlLRZgdGUqTO5wU/UyHop5p70iEbGhB7q5KmiZiU0Y3KlJrScEw==
  dependencies:
    "@cspotcode/source-map-support" "^0.8.0"
    "@tsconfig/node10" "^1.0.7"
    "@tsconfig/node12" "^1.0.7"
    "@tsconfig/node14" "^1.0.0"
    "@tsconfig/node16" "^1.0.2"
    acorn "^8.4.1"
    acorn-walk "^8.1.1"
    arg "^4.1.0"
    create-require "^1.1.0"
    diff "^4.0.1"
    make-error "^1.1.1"
    v8-compile-cache-lib "^3.0.1"
    yn "3.1.1"

typescript@^4.8.4:
  version "4.8.4"
  resolved "https://registry.yarnpkg.com/typescript/-/typescript-4.8.4.tgz#c464abca159669597be5f96b8943500b238e60e6"
  integrity sha512-QCh+85mCy+h0IGff8r5XWzOVSbBO+KfeYrMQh7NJ58QujwcE22u+NUSmUxqF+un70P9GXKxa2HCNiTTMJknyjQ==

v8-compile-cache-lib@^3.0.1:
  version "3.0.1"
  resolved "https://registry.yarnpkg.com/v8-compile-cache-lib/-/v8-compile-cache-lib-3.0.1.tgz#6336e8d71965cb3d35a1bbb7868445a7c05264bf"
  integrity sha512-wa7YjyUGfNZngI/vtK0UHAN+lgDCxBPCylVXGp0zu59Fz5aiGtNXaq3DhIov063MorB+VfufLh3JlF2KdTK3xg==

yallist@^4.0.0:
  version "4.0.0"
  resolved "https://registry.yarnpkg.com/yallist/-/yallist-4.0.0.tgz#9bb92790d9c0effec63be73519e11a35019a3a72"
  integrity sha512-3wdGidZyq5PB084XLES5TpOSRA3wjXAlIWMhum2kRcv/41Sn2emQ0dycQW4uZXLejwKvg6EsvbdlVL+FYEct7A==

yn@3.1.1:
  version "3.1.1"
  resolved "https://registry.yarnpkg.com/yn/-/yn-3.1.1.tgz#1e87401a09d767c1d5eab26a6e4c185182d2eb50"
  integrity sha512-Ux4ygGWsu2c7isFWe8Yu1YluJmqVhxqK2cLXNQA5AcC3QfbGNpM7fu0Y8b/z16pXLnFxZYvWhd3fhBY9DLmC6Q==
